<?xml version="1.0" encoding="utf-8"?>
<Project ToolsVersion="4.0" xmlns="http://schemas.microsoft.com/developer/msbuild/2003">
  <ItemGroup>
    <Filter Include="External">
      <UniqueIdentifier>{089DB854-F469-1360-1D83-010809AF48EE}</UniqueIdentifier>
    </Filter>
    <Filter Include="External\AES">
      <UniqueIdentifier>{90C46A0A-7C27-FAAE-25AD-326511EFC531}</UniqueIdentifier>
    </Filter>
    <Filter Include="External\AES\src">
      <UniqueIdentifier>{A74A7614-9343-9566-BC75-7AEBA8CD7472}</UniqueIdentifier>
    </Filter>
    <Filter Include="External\DiffieHellman">
      <UniqueIdentifier>{9F1D207F-8B17-49D1-7484-DFE1601DAF3D}</UniqueIdentifier>
    </Filter>
    <Filter Include="External\SHA256">
      <UniqueIdentifier>{505C1D80-BCE7-8A44-C5F8-0D393103E744}</UniqueIdentifier>
    </Filter>
    <Filter Include="External\SHA256\src">
      <UniqueIdentifier>{67C22ECD-D323-0CDB-5C91-528DC8F1429A}</UniqueIdentifier>
    </Filter>
    <Filter Include="External\sqlite">
      <UniqueIdentifier>{A9E3C0CD-156F-2E92-1E80-B1868A8A8A92}</UniqueIdentifier>
    </Filter>
    <Filter Include="src">
      <UniqueIdentifier>{2DAB880B-99B4-887C-2230-9F7C8E38947C}</UniqueIdentifier>
    </Filter>
    <Filter Include="src\Core">
      <UniqueIdentifier>{A5D31CCF-91A0-77DA-BAB9-6582A6E5AC68}</UniqueIdentifier>
    </Filter>
    <Filter Include="src\Core\Clients">
      <UniqueIdentifier>{E61A9B59-D213-BAAB-FB45-9F30E79D99B7}</UniqueIdentifier>
    </Filter>
    <Filter Include="src\Core\Connection">
      <UniqueIdentifier>{E4E2D55F-5044-B36D-D9B1-F91F4512EA2C}</UniqueIdentifier>
    </Filter>
    <Filter Include="src\Core\Database">
      <UniqueIdentifier>{2928D943-953E-D7D9-DEB5-62FB4A0BA861}</UniqueIdentifier>
    </Filter>
    <Filter Include="src\Core\Database\Queries">
      <UniqueIdentifier>{561B02FA-C2DD-3584-0B8E-C410778F0E62}</UniqueIdentifier>
    </Filter>
    <Filter Include="src\Core\Encryption">
      <UniqueIdentifier>{9FCC1530-0B2E-F33D-949B-39F000FC29FD}</UniqueIdentifier>
    </Filter>
    <Filter Include="src\Errors">
      <UniqueIdentifier>{5925810E-45DD-C25B-AEE4-9BB79ABB5D4C}</UniqueIdentifier>
    </Filter>
    <Filter Include="src\Message">
      <UniqueIdentifier>{E1A63828-4D5C-B11D-D650-ABF44205A821}</UniqueIdentifier>
    </Filter>
  </ItemGroup>
  <ItemGroup>
    <ClInclude Include="src\Core\Clients\ClientData.h">
      <Filter>src\Core\Clients</Filter>
    </ClInclude>
    <ClInclude Include="src\Core\Connection\CloudServer.h">
      <Filter>src\Core\Connection</Filter>
    </ClInclude>
    <ClInclude Include="src\Core\Connection\TCPListener.h">
      <Filter>src\Core\Connection</Filter>
    </ClInclude>
    <ClInclude Include="src\Core\Core.h">
      <Filter>src\Core</Filter>
    </ClInclude>
    <ClInclude Include="src\Core\Database\DatabaseAPI.h">
      <Filter>src\Core\Database</Filter>
    </ClInclude>
    <ClInclude Include="src\Core\Database\Queries\Queries.h">
      <Filter>src\Core\Database\Queries</Filter>
    </ClInclude>
    <ClInclude Include="src\Core\Encryption\DiffieHellmanAPI.h">
      <Filter>src\Core\Encryption</Filter>
    </ClInclude>
    <ClInclude Include="src\Core\Encryption\EncryptionAPI.h">
      <Filter>src\Core\Encryption</Filter>
    </ClInclude>
    <ClInclude Include="src\Core\Encryption\HashingAPI.h">
      <Filter>src\Core\Encryption</Filter>
    </ClInclude>
    <ClInclude Include="src\Core\Log.h">
      <Filter>src\Core</Filter>
    </ClInclude>
    <ClInclude Include="src\Core\RequestManager.h">
      <Filter>src\Core</Filter>
    </ClInclude>
    <ClInclude Include="src\Errors\Error.h">
      <Filter>src\Errors</Filter>
    </ClInclude>
    <ClInclude Include="src\Errors\ErrorCodes.h">
      <Filter>src\Errors</Filter>
    </ClInclude>
    <ClInclude Include="src\Errors\ErrorManager.h">
      <Filter>src\Errors</Filter>
    </ClInclude>
    <ClInclude Include="src\Message\Action.h">
      <Filter>src\Message</Filter>
    </ClInclude>
    <ClInclude Include="src\Message\Message.h">
      <Filter>src\Message</Filter>
    </ClInclude>
    <ClInclude Include="src\Message\MessageCreator.h">
      <Filter>src\Message</Filter>
    </ClInclude>
    <ClInclude Include="src\Message\MessageParser.h">
      <Filter>src\Message</Filter>
    </ClInclude>
    <ClInclude Include="src\cloudpch.h">
      <Filter>src</Filter>
    </ClInclude>
  </ItemGroup>
  <ItemGroup>
    <ClCompile Include="External\AES\src\AES.cpp">
      <Filter>External\AES\src</Filter>
    </ClCompile>
    <ClCompile Include="External\DiffieHellman\dhexchange.c">
      <Filter>External\DiffieHellman</Filter>
    </ClCompile>
    <ClCompile Include="External\SHA256\src\SHA256.cpp">
      <Filter>External\SHA256\src</Filter>
    </ClCompile>
    <ClCompile Include="External\sqlite\sqlite3.c">
      <Filter>External\sqlite</Filter>
    </ClCompile>
    <ClCompile Include="src\Core\Clients\ClientData.cpp">
      <Filter>src\Core\Clients</Filter>
    </ClCompile>
    <ClCompile Include="src\Core\Connection\CloudServer.cpp">
      <Filter>src\Core\Connection</Filter>
    </ClCompile>
    <ClCompile Include="src\Core\Connection\TCPListener.cpp">
      <Filter>src\Core\Connection</Filter>
    </ClCompile>
    <ClCompile Include="src\Core\Database\DatabaseAPI.cpp">
      <Filter>src\Core\Database</Filter>
    </ClCompile>
    <ClCompile Include="src\Core\Database\Queries\Queries.cpp">
      <Filter>src\Core\Database\Queries</Filter>
    </ClCompile>
    <ClCompile Include="src\Core\Encryption\DiffieHellmanAPI.cpp">
      <Filter>src\Core\Encryption</Filter>
    </ClCompile>
    <ClCompile Include="src\Core\Encryption\EncryptionAPI.cpp">
      <Filter>src\Core\Encryption</Filter>
    </ClCompile>
    <ClCompile Include="src\Core\Encryption\HashingAPI.cpp">
      <Filter>src\Core\Encryption</Filter>
    </ClCompile>
    <ClCompile Include="src\Core\Log.cpp">
      <Filter>src\Core</Filter>
    </ClCompile>
    <ClCompile Include="src\Core\RequestManager.cpp">
      <Filter>src\Core</Filter>
    </ClCompile>
    <ClCompile Include="src\Errors\Error.cpp">
      <Filter>src\Errors</Filter>
    </ClCompile>
    <ClCompile Include="src\Errors\ErrorCodes.cpp">
      <Filter>src\Errors</Filter>
    </ClCompile>
    <ClCompile Include="src\Errors\ErrorManager.cpp">
      <Filter>src\Errors</Filter>
    </ClCompile>
    <ClCompile Include="src\Message\Action.cpp">
      <Filter>src\Message</Filter>
    </ClCompile>
    <ClCompile Include="src\Message\Message.cpp">
      <Filter>src\Message</Filter>
    </ClCompile>
    <ClCompile Include="src\Message\MessageCreator.cpp">
      <Filter>src\Message</Filter>
    </ClCompile>
    <ClCompile Include="src\Message\MessageParser.cpp">
      <Filter>src\Message</Filter>
    </ClCompile>
    <ClCompile Include="src\cloudpch.cpp">
      <Filter>src</Filter>
    </ClCompile>
    <ClCompile Include="src\main.cpp">
      <Filter>src</Filter>
    </ClCompile>
  </ItemGroup>
</Project>